// !$*UTF8*$!
{
	archiveVersion = 1;
	classes = {
	};
	objectVersion = 46;
	objects = {

/* Begin PBXBuildFile section */
		FB4B4BA81EA1F82C00A04021 /* AppDelegate.swift in Sources */ = {isa = PBXBuildFile; fileRef = FB4B4BA71EA1F82C00A04021 /* AppDelegate.swift */; };
		FB4B4BAA1EA1F82C00A04021 /* ViewController.swift in Sources */ = {isa = PBXBuildFile; fileRef = FB4B4BA91EA1F82C00A04021 /* ViewController.swift */; };
		FB4B4BAD1EA1F82C00A04021 /* Main.storyboard in Resources */ = {isa = PBXBuildFile; fileRef = FB4B4BAB1EA1F82C00A04021 /* Main.storyboard */; };
		FB4B4BAF1EA1F82C00A04021 /* Assets.xcassets in Resources */ = {isa = PBXBuildFile; fileRef = FB4B4BAE1EA1F82C00A04021 /* Assets.xcassets */; };
		FB4B4BB21EA1F82C00A04021 /* LaunchScreen.storyboard in Resources */ = {isa = PBXBuildFile; fileRef = FB4B4BB01EA1F82C00A04021 /* LaunchScreen.storyboard */; };
		FB4B4BBD1EA1F82C00A04021 /* calculatorTests.swift in Sources */ = {isa = PBXBuildFile; fileRef = FB4B4BBC1EA1F82C00A04021 /* calculatorTests.swift */; };
		FB4B4BC81EA1F82C00A04021 /* calculatorUITests.swift in Sources */ = {isa = PBXBuildFile; fileRef = FB4B4BC71EA1F82C00A04021 /* calculatorUITests.swift */; };
/* End PBXBuildFile section */

/* Begin PBXContainerItemProxy section */
		FB4B4BB91EA1F82C00A04021 /* PBXContainerItemProxy */ = {
			isa = PBXContainerItemProxy;
			containerPortal = FB4B4B9C1EA1F82C00A04021 /* Project object */;
			proxyType = 1;
			remoteGlobalIDString = FB4B4BA31EA1F82C00A04021;
			remoteInfo = calculator;
		};
		FB4B4BC41EA1F82C00A04021 /* PBXContainerItemProxy */ = {
			isa = PBXContainerItemProxy;
			containerPortal = FB4B4B9C1EA1F82C00A04021 /* Project object */;
			proxyType = 1;
			remoteGlobalIDString = FB4B4BA31EA1F82C00A04021;
			remoteInfo = calculator;
		};
/* End PBXContainerItemProxy section */

/* Begin PBXFileReference section */
		FB4B4BA41EA1F82C00A04021 /* calculator.app */ = {isa = PBXFileReference; explicitFileType = wrapper.application; includeInIndex = 0; path = calculator.app; sourceTree = BUILT_PRODUCTS_DIR; };
		FB4B4BA71EA1F82C00A04021 /* AppDelegate.swift */ = {isa = PBXFileReference; lastKnownFileType = sourcecode.swift; path = AppDelegate.swift; sourceTree = "<group>"; };
		FB4B4BA91EA1F82C00A04021 /* ViewController.swift */ = {isa = PBXFileReference; lastKnownFileType = sourcecode.swift; path = ViewController.swift; sourceTree = "<group>"; };
		FB4B4BAC1EA1F82C00A04021 /* Base */ = {isa = PBXFileReference; lastKnownFileType = file.storyboard; name = Base; path = Base.lproj/Main.storyboard; sourceTree = "<group>"; };
		FB4B4BAE1EA1F82C00A04021 /* Assets.xcassets */ = {isa = PBXFileReference; lastKnownFileType = folder.assetcatalog; path = Assets.xcassets; sourceTree = "<group>"; };
		FB4B4BB11EA1F82C00A04021 /* Base */ = {isa = PBXFileReference; lastKnownFileType = file.storyboard; name = Base; path = Base.lproj/LaunchScreen.storyboard; sourceTree = "<group>"; };
		FB4B4BB31EA1F82C00A04021 /* Info.plist */ = {isa = PBXFileReference; lastKnownFileType = text.plist.xml; path = Info.plist; sourceTree = "<group>"; };
		FB4B4BB81EA1F82C00A04021 /* calculatorTests.xctest */ = {isa = PBXFileReference; explicitFileType = wrapper.cfbundle; includeInIndex = 0; path = calculatorTests.xctest; sourceTree = BUILT_PRODUCTS_DIR; };
		FB4B4BBC1EA1F82C00A04021 /* calculatorTests.swift */ = {isa = PBXFileReference; lastKnownFileType = sourcecode.swift; path = calculatorTests.swift; sourceTree = "<group>"; };
		FB4B4BBE1EA1F82C00A04021 /* Info.plist */ = {isa = PBXFileReference; lastKnownFileType = text.plist.xml; path = Info.plist; sourceTree = "<group>"; };
		FB4B4BC31EA1F82C00A04021 /* calculatorUITests.xctest */ = {isa = PBXFileReference; explicitFileType = wrapper.cfbundle; includeInIndex = 0; path = calculatorUITests.xctest; sourceTree = BUILT_PRODUCTS_DIR; };
		FB4B4BC71EA1F82C00A04021 /* calculatorUITests.swift */ = {isa = PBXFileReference; lastKnownFileType = sourcecode.swift; path = calculatorUITests.swift; sourceTree = "<group>"; };
		FB4B4BC91EA1F82C00A04021 /* Info.plist */ = {isa = PBXFileReference; lastKnownFileType = text.plist.xml; path = Info.plist; sourceTree = "<group>"; };
/* End PBXFileReference section */

/* Begin PBXFrameworksBuildPhase section */
		FB4B4BA11EA1F82C00A04021 /* Frameworks */ = {
			isa = PBXFrameworksBuildPhase;
			buildActionMask = 2147483647;
			files = (
			);
			runOnlyForDeploymentPostprocessing = 0;
		};
		FB4B4BB51EA1F82C00A04021 /* Frameworks */ = {
			isa = PBXFrameworksBuildPhase;
			buildActionMask = 2147483647;
			files = (
			);
			runOnlyForDeploymentPostprocessing = 0;
		};
		FB4B4BC01EA1F82C00A04021 /* Frameworks */ = {
			isa = PBXFrameworksBuildPhase;
			buildActionMask = 2147483647;
			files = (
			);
			runOnlyForDeploymentPostprocessing = 0;
		};
/* End PBXFrameworksBuildPhase section */

/* Begin PBXGroup section */
		FB4B4B9B1EA1F82C00A04021 = {
			isa = PBXGroup;
			children = (
				FB4B4BA61EA1F82C00A04021 /* calculator */,
				FB4B4BBB1EA1F82C00A04021 /* calculatorTests */,
				FB4B4BC61EA1F82C00A04021 /* calculatorUITests */,
				FB4B4BA51EA1F82C00A04021 /* Products */,
			);
			sourceTree = "<group>";
		};
		FB4B4BA51EA1F82C00A04021 /* Products */ = {
			isa = PBXGroup;
			children = (
				FB4B4BA41EA1F82C00A04021 /* calculator.app */,
				FB4B4BB81EA1F82C00A04021 /* calculatorTests.xctest */,
				FB4B4BC31EA1F82C00A04021 /* calculatorUITests.xctest */,
			);
			name = Products;
			sourceTree = "<group>";
		};
		FB4B4BA61EA1F82C00A04021 /* calculator */ = {
			isa = PBXGroup;
			children = (
				FB4B4BA71EA1F82C00A04021 /* AppDelegate.swift */,
				FB4B4BA91EA1F82C00A04021 /* ViewController.swift */,
				FB4B4BAB1EA1F82C00A04021 /* Main.storyboard */,
				FB4B4BAE1EA1F82C00A04021 /* Assets.xcassets */,
				FB4B4BB01EA1F82C00A04021 /* LaunchScreen.storyboard */,
				FB4B4BB31EA1F82C00A04021 /* Info.plist */,
			);
			path = calculator;
			sourceTree = "<group>";
		};
		FB4B4BBB1EA1F82C00A04021 /* calculatorTests */ = {
			isa = PBXGroup;
			children = (
				FB4B4BBC1EA1F82C00A04021 /* calculatorTests.swift */,
				FB4B4BBE1EA1F82C00A04021 /* Info.plist */,
			);
			path = calculatorTests;
			sourceTree = "<group>";
		};
		FB4B4BC61EA1F82C00A04021 /* calculatorUITests */ = {
			isa = PBXGroup;
			children = (
				FB4B4BC71EA1F82C00A04021 /* calculatorUITests.swift */,
				FB4B4BC91EA1F82C00A04021 /* Info.plist */,
			);
			path = calculatorUITests;
			sourceTree = "<group>";
		};
/* End PBXGroup section */

/* Begin PBXNativeTarget section */
		FB4B4BA31EA1F82C00A04021 /* calculator */ = {
			isa = PBXNativeTarget;
			buildConfigurationList = FB4B4BCC1EA1F82C00A04021 /* Build configuration list for PBXNativeTarget "calculator" */;
			buildPhases = (
				FB4B4BA01EA1F82C00A04021 /* Sources */,
				FB4B4BA11EA1F82C00A04021 /* Frameworks */,
				FB4B4BA21EA1F82C00A04021 /* Resources */,
			);
			buildRules = (
			);
			dependencies = (
			);
			name = calculator;
			productName = calculator;
			productReference = FB4B4BA41EA1F82C00A04021 /* calculator.app */;
			productType = "com.apple.product-type.application";
		};
		FB4B4BB71EA1F82C00A04021 /* calculatorTests */ = {
			isa = PBXNativeTarget;
			buildConfigurationList = FB4B4BCF1EA1F82C00A04021 /* Build configuration list for PBXNativeTarget "calculatorTests" */;
			buildPhases = (
				FB4B4BB41EA1F82C00A04021 /* Sources */,
				FB4B4BB51EA1F82C00A04021 /* Frameworks */,
				FB4B4BB61EA1F82C00A04021 /* Resources */,
			);
			buildRules = (
			);
			dependencies = (
				FB4B4BBA1EA1F82C00A04021 /* PBXTargetDependency */,
			);
			name = calculatorTests;
			productName = calculatorTests;
			productReference = FB4B4BB81EA1F82C00A04021 /* calculatorTests.xctest */;
			productType = "com.apple.product-type.bundle.unit-test";
		};
		FB4B4BC21EA1F82C00A04021 /* calculatorUITests */ = {
			isa = PBXNativeTarget;
			buildConfigurationList = FB4B4BD21EA1F82C00A04021 /* Build configuration list for PBXNativeTarget "calculatorUITests" */;
			buildPhases = (
				FB4B4BBF1EA1F82C00A04021 /* Sources */,
				FB4B4BC01EA1F82C00A04021 /* Frameworks */,
				FB4B4BC11EA1F82C00A04021 /* Resources */,
			);
			buildRules = (
			);
			dependencies = (
				FB4B4BC51EA1F82C00A04021 /* PBXTargetDependency */,
			);
			name = calculatorUITests;
			productName = calculatorUITests;
			productReference = FB4B4BC31EA1F82C00A04021 /* calculatorUITests.xctest */;
			productType = "com.apple.product-type.bundle.ui-testing";
		};
/* End PBXNativeTarget section */

/* Begin PBXProject section */
		FB4B4B9C1EA1F82C00A04021 /* Project object */ = {
			isa = PBXProject;
			attributes = {
				LastSwiftUpdateCheck = 0830;
				LastUpgradeCheck = 0830;
				ORGANIZATIONNAME = Cntt28;
				TargetAttributes = {
					FB4B4BA31EA1F82C00A04021 = {
						CreatedOnToolsVersion = 8.3;
						ProvisioningStyle = Automatic;
					};
					FB4B4BB71EA1F82C00A04021 = {
						CreatedOnToolsVersion = 8.3;
						ProvisioningStyle = Automatic;
						TestTargetID = FB4B4BA31EA1F82C00A04021;
					};
					FB4B4BC21EA1F82C00A04021 = {
						CreatedOnToolsVersion = 8.3;
						ProvisioningStyle = Automatic;
						TestTargetID = FB4B4BA31EA1F82C00A04021;
					};
				};
			};
			buildConfigurationList = FB4B4B9F1EA1F82C00A04021 /* Build configuration list for PBXProject "calculator" */;
			compatibilityVersion = "Xcode 3.2";
			developmentRegion = English;
			hasScannedForEncodings = 0;
			knownRegions = (
				en,
				Base,
			);
			mainGroup = FB4B4B9B1EA1F82C00A04021;
			productRefGroup = FB4B4BA51EA1F82C00A04021 /* Products */;
			projectDirPath = "";
			projectRoot = "";
			targets = (
				FB4B4BA31EA1F82C00A04021 /* calculator */,
				FB4B4BB71EA1F82C00A04021 /* calculatorTests */,
				FB4B4BC21EA1F82C00A04021 /* calculatorUITests */,
			);
		};
/* End PBXProject section */

/* Begin PBXResourcesBuildPhase section */
		FB4B4BA21EA1F82C00A04021 /* Resources */ = {
			isa = PBXResourcesBuildPhase;
			buildActionMask = 2147483647;
			files = (
				FB4B4BB21EA1F82C00A04021 /* LaunchScreen.storyboard in Resources */,
				FB4B4BAF1EA1F82C00A04021 /* Assets.xcassets in Resources */,
				FB4B4BAD1EA1F82C00A04021 /* Main.storyboard in Resources */,
			);
			runOnlyForDeploymentPostprocessing = 0;
		};
		FB4B4BB61EA1F82C00A04021 /* Resources */ = {
			isa = PBXResourcesBuildPhase;
			buildActionMask = 2147483647;
			files = (
			);
			runOnlyForDeploymentPostprocessing = 0;
		};
		FB4B4BC11EA1F82C00A04021 /* Resources */ = {
			isa = PBXResourcesBuildPhase;
			buildActionMask = 2147483647;
			files = (
			);
			runOnlyForDeploymentPostprocessing = 0;
		};
/* End PBXResourcesBuildPhase section */

/* Begin PBXSourcesBuildPhase section */
		FB4B4BA01EA1F82C00A04021 /* Sources */ = {
			isa = PBXSourcesBuildPhase;
			buildActionMask = 2147483647;
			files = (
				FB4B4BAA1EA1F82C00A04021 /* ViewController.swift in Sources */,
				FB4B4BA81EA1F82C00A04021 /* AppDelegate.swift in Sources */,
			);
			runOnlyForDeploymentPostprocessing = 0;
		};
		FB4B4BB41EA1F82C00A04021 /* Sources */ = {
			isa = PBXSourcesBuildPhase;
			buildActionMask = 2147483647;
			files = (
				FB4B4BBD1EA1F82C00A04021 /* calculatorTests.swift in Sources */,
			);
			runOnlyForDeploymentPostprocessing = 0;
		};
		FB4B4BBF1EA1F82C00A04021 /* Sources */ = {
			isa = PBXSourcesBuildPhase;
			buildActionMask = 2147483647;
			files = (
				FB4B4BC81EA1F82C00A04021 /* calculatorUITests.swift in Sources */,
			);
			runOnlyForDeploymentPostprocessing = 0;
		};
/* End PBXSourcesBuildPhase section */

/* Begin PBXTargetDependency section */
		FB4B4BBA1EA1F82C00A04021 /* PBXTargetDependency */ = {
			isa = PBXTargetDependency;
			target = FB4B4BA31EA1F82C00A04021 /* calculator */;
			targetProxy = FB4B4BB91EA1F82C00A04021 /* PBXContainerItemProxy */;
		};
		FB4B4BC51EA1F82C00A04021 /* PBXTargetDependency */ = {
			isa = PBXTargetDependency;
			target = FB4B4BA31EA1F82C00A04021 /* calculator */;
			targetProxy = FB4B4BC41EA1F82C00A04021 /* PBXContainerItemProxy */;
		};
/* End PBXTargetDependency section */

/* Begin PBXVariantGroup section */
		FB4B4BAB1EA1F82C00A04021 /* Main.storyboard */ = {
			isa = PBXVariantGroup;
			children = (
				FB4B4BAC1EA1F82C00A04021 /* Base */,
			);
			name = Main.storyboard;
			sourceTree = "<group>";
		};
		FB4B4BB01EA1F82C00A04021 /* LaunchScreen.storyboard */ = {
			isa = PBXVariantGroup;
			children = (
				FB4B4BB11EA1F82C00A04021 /* Base */,
			);
			name = LaunchScreen.storyboard;
			sourceTree = "<group>";
		};
/* End PBXVariantGroup section */

/* Begin XCBuildConfiguration section */
		FB4B4BCA1EA1F82C00A04021 /* Debug */ = {
			isa = XCBuildConfiguration;
			buildSettings = {
				ALWAYS_SEARCH_USER_PATHS = NO;
				CLANG_ANALYZER_NONNULL = YES;
				CLANG_ANALYZER_NUMBER_OBJECT_CONVERSION = YES_AGGRESSIVE;
				CLANG_CXX_LANGUAGE_STANDARD = "gnu++0x";
				CLANG_CXX_LIBRARY = "libc++";
				CLANG_ENABLE_MODULES = YES;
				CLANG_ENABLE_OBJC_ARC = YES;
				CLANG_WARN_BOOL_CONVERSION = YES;
				CLANG_WARN_CONSTANT_CONVERSION = YES;
				CLANG_WARN_DIRECT_OBJC_ISA_USAGE = YES_ERROR;
				CLANG_WARN_DOCUMENTATION_COMMENTS = YES;
				CLANG_WARN_EMPTY_BODY = YES;
				CLANG_WARN_ENUM_CONVERSION = YES;
				CLANG_WARN_INFINITE_RECURSION = YES;
				CLANG_WARN_INT_CONVERSION = YES;
				CLANG_WARN_OBJC_ROOT_CLASS = YES_ERROR;
				CLANG_WARN_SUSPICIOUS_MOVE = YES;
				CLANG_WARN_UNREACHABLE_CODE = YES;
				CLANG_WARN__DUPLICATE_METHOD_MATCH = YES;
				"CODE_SIGN_IDENTITY[sdk=iphoneos*]" = "iPhone Developer";
				COPY_PHASE_STRIP = NO;
				DEBUG_INFORMATION_FORMAT = dwarf;
				ENABLE_STRICT_OBJC_MSGSEND = YES;
				ENABLE_TESTABILITY = YES;
				GCC_C_LANGUAGE_STANDARD = gnu99;
				GCC_DYNAMIC_NO_PIC = NO;
				GCC_NO_COMMON_BLOCKS = YES;
				GCC_OPTIMIZATION_LEVEL = 0;
				GCC_PREPROCESSOR_DEFINITIONS = (
					"DEBUG=1",
					"$(inherited)",
				);
				GCC_WARN_64_TO_32_BIT_CONVERSION = YES;
				GCC_WARN_ABOUT_RETURN_TYPE = YES_ERROR;
				GCC_WARN_UNDECLARED_SELECTOR = YES;
				GCC_WARN_UNINITIALIZED_AUTOS = YES_AGGRESSIVE;
				GCC_WARN_UNUSED_FUNCTION = YES;
				GCC_WARN_UNUSED_VARIABLE = YES;
				IPHONEOS_DEPLOYMENT_TARGET = 10.3;
				MTL_ENABLE_DEBUG_INFO = YES;
				ONLY_ACTIVE_ARCH = YES;
				SDKROOT = iphoneos;
				SWIFT_ACTIVE_COMPILATION_CONDITIONS = DEBUG;
				SWIFT_OPTIMIZATION_LEVEL = "-Onone";
				TARGETED_DEVICE_FAMILY = "1,2";
			};
			name = Debug;
		};
		FB4B4BCB1EA1F82C00A04021 /* Release */ = {
			isa = XCBuildConfiguration;
			buildSettings = {
				ALWAYS_SEARCH_USER_PATHS = NO;
				CLANG_ANALYZER_NONNULL = YES;
				CLANG_ANALYZER_NUMBER_OBJECT_CONVERSION = YES_AGGRESSIVE;
				CLANG_CXX_LANGUAGE_STANDARD = "gnu++0x";
				CLANG_CXX_LIBRARY = "libc++";
				CLANG_ENABLE_MODULES = YES;
				CLANG_ENABLE_OBJC_ARC = YES;
				CLANG_WARN_BOOL_CONVERSION = YES;
				CLANG_WARN_CONSTANT_CONVERSION = YES;
				CLANG_WARN_DIRECT_OBJC_ISA_USAGE = YES_ERROR;
				CLANG_WARN_DOCUMENTATION_COMMENTS = YES;
				CLANG_WARN_EMPTY_BODY = YES;
				CLANG_WARN_ENUM_CONVERSION = YES;
				CLANG_WARN_INFINITE_RECURSION = YES;
				CLANG_WARN_INT_CONVERSION = YES;
				CLANG_WARN_OBJC_ROOT_CLASS = YES_ERROR;
				CLANG_WARN_SUSPICIOUS_MOVE = YES;
				CLANG_WARN_UNREACHABLE_CODE = YES;
				CLANG_WARN__DUPLICATE_METHOD_MATCH = YES;
				"CODE_SIGN_IDENTITY[sdk=iphoneos*]" = "iPhone Developer";
				COPY_PHASE_STRIP = NO;
				DEBUG_INFORMATION_FORMAT = "dwarf-with-dsym";
				ENABLE_NS_ASSERTIONS = NO;
				ENABLE_STRICT_OBJC_MSGSEND = YES;
				GCC_C_LANGUAGE_STANDARD = gnu99;
				GCC_NO_COMMON_BLOCKS = YES;
				GCC_WARN_64_TO_32_BIT_CONVERSION = YES;
				GCC_WARN_ABOUT_RETURN_TYPE = YES_ERROR;
				GCC_WARN_UNDECLARED_SELECTOR = YES;
				GCC_WARN_UNINITIALIZED_AUTOS = YES_AGGRESSIVE;
				GCC_WARN_UNUSED_FUNCTION = YES;
				GCC_WARN_UNUSED_VARIABLE = YES;
				IPHONEOS_DEPLOYMENT_TARGET = 10.3;
				MTL_ENABLE_DEBUG_INFO = NO;
				SDKROOT = iphoneos;
				SWIFT_OPTIMIZATION_LEVEL = "-Owholemodule";
				TARGETED_DEVICE_FAMILY = "1,2";
				VALIDATE_PRODUCT = YES;
			};
			name = Release;
		};
		FB4B4BCD1EA1F82C00A04021 /* Debug */ = {
			isa = XCBuildConfiguration;
			buildSettings = {
				ASSETCATALOG_COMPILER_APPICON_NAME = AppIcon;
				INFOPLIST_FILE = calculator/Info.plist;
				LD_RUNPATH_SEARCH_PATHS = "$(inherited) @executable_path/Frameworks";
				PRODUCT_BUNDLE_IDENTIFIER = com.calculator;
				PRODUCT_NAME = "$(TARGET_NAME)";
				SWIFT_VERSION = 3.0;
			};
			name = Debug;
		};
		FB4B4BCE1EA1F82C00A04021 /* Release */ = {
			isa = XCBuildConfiguration;
			buildSettings = {
				ASSETCATALOG_COMPILER_APPICON_NAME = AppIcon;
				INFOPLIST_FILE = calculator/Info.plist;
				LD_RUNPATH_SEARCH_PATHS = "$(inherited) @executable_path/Frameworks";
				PRODUCT_BUNDLE_IDENTIFIER = com.calculator;
				PRODUCT_NAME = "$(TARGET_NAME)";
				SWIFT_VERSION = 3.0;
			};
			name = Release;
		};
		FB4B4BD01EA1F82C00A04021 /* Debug */ = {
			isa = XCBuildConfiguration;
			buildSettings = {
				ALWAYS_EMBED_SWIFT_STANDARD_LIBRARIES = YES;
				BUNDLE_LOADER = "$(TEST_HOST)";
				INFOPLIST_FILE = calculatorTests/Info.plist;
				LD_RUNPATH_SEARCH_PATHS = "$(inherited) @executable_path/Frameworks @loader_path/Frameworks";
				PRODUCT_BUNDLE_IDENTIFIER = com.calculatorTests;
				PRODUCT_NAME = "$(TARGET_NAME)";
				SWIFT_VERSION = 3.0;
				TEST_HOST = "$(BUILT_PRODUCTS_DIR)/calculator.app/calculator";
			};
			name = Debug;
		};
		FB4B4BD11EA1F82C00A04021 /* Release */ = {
			isa = XCBuildConfiguration;
			buildSettings = {
				ALWAYS_EMBED_SWIFT_STANDARD_LIBRARIES = YES;
				BUNDLE_LOADER = "$(TEST_HOST)";
				INFOPLIST_FILE = calculatorTests/Info.plist;
				LD_RUNPATH_SEARCH_PATHS = "$(inherited) @executable_path/Frameworks @loader_path/Frameworks";
				PRODUCT_BUNDLE_IDENTIFIER = com.calculatorTests;
				PRODUCT_NAME = "$(TARGET_NAME)";
				SWIFT_VERSION = 3.0;
				TEST_HOST = "$(BUILT_PRODUCTS_DIR)/calculator.app/calculator";
			};
			name = Release;
		};
		FB4B4BD31EA1F82C00A04021 /* Debug */ = {
			isa = XCBuildConfiguration;
			buildSettings = {
				ALWAYS_EMBED_SWIFT_STANDARD_LIBRARIES = YES;
				INFOPLIST_FILE = calculatorUITests/Info.plist;
				LD_RUNPATH_SEARCH_PATHS = "$(inherited) @executable_path/Frameworks @loader_path/Frameworks";
				PRODUCT_BUNDLE_IDENTIFIER = com.calculatorUITests;
				PRODUCT_NAME = "$(TARGET_NAME)";
				SWIFT_VERSION = 3.0;
				TEST_TARGET_NAME = calculator;
			};
			name = Debug;
		};
		FB4B4BD41EA1F82C00A04021 /* Release */ = {
			isa = XCBuildConfiguration;
			buildSettings = {
				ALWAYS_EMBED_SWIFT_STANDARD_LIBRARIES = YES;
				INFOPLIST_FILE = calculatorUITests/Info.plist;
				LD_RUNPATH_SEARCH_PATHS = "$(inherited) @executable_path/Frameworks @loader_path/Frameworks";
				PRODUCT_BUNDLE_IDENTIFIER = com.calculatorUITests;
				PRODUCT_NAME = "$(TARGET_NAME)";
				SWIFT_VERSION = 3.0;
				TEST_TARGET_NAME = calculator;
			};
			name = Release;
		};
/* End XCBuildConfiguration section */

/* Begin XCConfigurationList section */
		FB4B4B9F1EA1F82C00A04021 /* Build configuration list for PBXProject "calculator" */ = {
			isa = XCConfigurationList;
			buildConfigurations = (
				FB4B4BCA1EA1F82C00A04021 /* Debug */,
				FB4B4BCB1EA1F82C00A04021 /* Release */,
			);
			defaultConfigurationIsVisible = 0;
			defaultConfigurationName = Release;
		};
		FB4B4BCC1EA1F82C00A04021 /* Build configuration list for PBXNativeTarget "calculator" */ = {
			isa = XCConfigurationList;
			buildConfigurations = (
				FB4B4BCD1EA1F82C00A04021 /* Debug */,
				FB4B4BCE1EA1F82C00A04021 /* Release */,
			);
			defaultConfigurationIsVisible = 0;
		};
		FB4B4BCF1EA1F82C00A04021 /* Build configuration list for PBXNativeTarget "calculatorTests" */ = {
			isa = XCConfigurationList;
			buildConfigurations = (
				FB4B4BD01EA1F82C00A04021 /* Debug */,
				FB4B4BD11EA1F82C00A04021 /* Release */,
			);
			defaultConfigurationIsVisible = 0;
		};
		FB4B4BD21EA1F82C00A04021 /* Build configuration list for PBXNativeTarget "calculatorUITests" */ = {
			isa = XCConfigurationList;
			buildConfigurations = (
				FB4B4BD31EA1F82C00A04021 /* Debug */,
				FB4B4BD41EA1F82C00A04021 /* Release */,
			);
			defaultConfigurationIsVisible = 0;
		};
/* End XCConfigurationList section */
	};
	rootObject = FB4B4B9C1EA1F82C00A04021 /* Project object */;
}
